
Microsoft Visual Studio Solution File, Format Version 12.00
# Visual Studio Version 16
VisualStudioVersion = 16.0.29102.190
MinimumVisualStudioVersion = 10.0.40219.1
Project("{FAE04EC0-301F-11D3-BF4B-00C04F79EFBC}") = "EulerP6", "EulerP6\EulerP6.csproj", "{9EEA8F3E-6300-4817-A60B-18C91692C5AD}"
EndProject
Global
	GlobalSection(SolutionConfigurationPlatforms) = preSolution
		Debug|Any CPU = Debug|Any CPU
		Release|Any CPU = Release|Any CPU
	EndGlobalSection
	GlobalSection(ProjectConfigurationPlatforms) = postSolution
		{9EEA8F3E-6300-4817-A60B-18C91692C5AD}.Debug|Any CPU.ActiveCfg = Debug|Any CPU
		{9EEA8F3E-6300-4817-A60B-18C91692C5AD}.Debug|Any CPU.Build.0 = Debug|Any CPU
		{9EEA8F3E-6300-4817-A60B-18C91692C5AD}.Release|Any CPU.ActiveCfg = Release|Any CPU
		{9EEA8F3E-6300-4817-A60B-18C91692C5AD}.Release|Any CPU.Build.0 = Release|Any CPU
	EndGlobalSection
	GlobalSection(SolutionProperties) = preSolution
		HideSolutionNode = FALSE
	EndGlobalSection
	GlobalSection(ExtensibilityGlobals) = postSolution
		SolutionGuid = {C2E8AFFE-21A8-4DB1-B624-F0E6E5C3C1F9}
	EndGlobalSection
EndGlobal
